// !$*UTF8*$!
{
	archiveVersion = 1;
	classes = {
	};
	objectVersion = 46;
	objects = {

/* Begin PBXBuildFile section */
		18654CCC1CC6341D0094519D /* XYCalendarTests.m in Sources */ = {isa = PBXBuildFile; fileRef = 18654CCB1CC6341D0094519D /* XYCalendarTests.m */; };
		18654CD71CC6341D0094519D /* XYCalendarUITests.m in Sources */ = {isa = PBXBuildFile; fileRef = 18654CD61CC6341D0094519D /* XYCalendarUITests.m */; };
		18654CF51CC634700094519D /* NSDate+XYCalendarLogic.m in Sources */ = {isa = PBXBuildFile; fileRef = 18654CE61CC634700094519D /* NSDate+XYCalendarLogic.m */; };
		18654CF61CC634700094519D /* AppDelegate.m in Sources */ = {isa = PBXBuildFile; fileRef = 18654CE91CC634700094519D /* AppDelegate.m */; };
		18654CF71CC634700094519D /* Images.xcassets in Resources */ = {isa = PBXBuildFile; fileRef = 18654CEA1CC634700094519D /* Images.xcassets */; };
		18654CF81CC634700094519D /* Info.plist in Resources */ = {isa = PBXBuildFile; fileRef = 18654CEB1CC634700094519D /* Info.plist */; };
		18654CF91CC634700094519D /* main.m in Sources */ = {isa = PBXBuildFile; fileRef = 18654CEC1CC634700094519D /* main.m */; };
		18654CFA1CC634700094519D /* XYCalendarCollectionReusableView.m in Sources */ = {isa = PBXBuildFile; fileRef = 18654CEF1CC634700094519D /* XYCalendarCollectionReusableView.m */; };
		18654CFB1CC634700094519D /* XYCalendarCollectionReusableView.xib in Resources */ = {isa = PBXBuildFile; fileRef = 18654CF01CC634700094519D /* XYCalendarCollectionReusableView.xib */; };
		18654CFC1CC634700094519D /* XYCalendarCollectionViewCell.m in Sources */ = {isa = PBXBuildFile; fileRef = 18654CF21CC634700094519D /* XYCalendarCollectionViewCell.m */; };
		18654CFD1CC634700094519D /* XYCalendarViewController.m in Sources */ = {isa = PBXBuildFile; fileRef = 18654CF41CC634700094519D /* XYCalendarViewController.m */; };
/* End PBXBuildFile section */

/* Begin PBXContainerItemProxy section */
		18654CC81CC6341D0094519D /* PBXContainerItemProxy */ = {
			isa = PBXContainerItemProxy;
			containerPortal = 18654CA61CC6341C0094519D /* Project object */;
			proxyType = 1;
			remoteGlobalIDString = 18654CAD1CC6341C0094519D;
			remoteInfo = XYCalendar;
		};
		18654CD31CC6341D0094519D /* PBXContainerItemProxy */ = {
			isa = PBXContainerItemProxy;
			containerPortal = 18654CA61CC6341C0094519D /* Project object */;
			proxyType = 1;
			remoteGlobalIDString = 18654CAD1CC6341C0094519D;
			remoteInfo = XYCalendar;
		};
/* End PBXContainerItemProxy section */

/* Begin PBXFileReference section */
		18654CAE1CC6341C0094519D /* XYCalendar.app */ = {isa = PBXFileReference; explicitFileType = wrapper.application; includeInIndex = 0; path = XYCalendar.app; sourceTree = BUILT_PRODUCTS_DIR; };
		18654CC71CC6341D0094519D /* XYCalendarTests.xctest */ = {isa = PBXFileReference; explicitFileType = wrapper.cfbundle; includeInIndex = 0; path = XYCalendarTests.xctest; sourceTree = BUILT_PRODUCTS_DIR; };
		18654CCB1CC6341D0094519D /* XYCalendarTests.m */ = {isa = PBXFileReference; lastKnownFileType = sourcecode.c.objc; path = XYCalendarTests.m; sourceTree = "<group>"; };
		18654CCD1CC6341D0094519D /* Info.plist */ = {isa = PBXFileReference; lastKnownFileType = text.plist.xml; path = Info.plist; sourceTree = "<group>"; };
		18654CD21CC6341D0094519D /* XYCalendarUITests.xctest */ = {isa = PBXFileReference; explicitFileType = wrapper.cfbundle; includeInIndex = 0; path = XYCalendarUITests.xctest; sourceTree = BUILT_PRODUCTS_DIR; };
		18654CD61CC6341D0094519D /* XYCalendarUITests.m */ = {isa = PBXFileReference; lastKnownFileType = sourcecode.c.objc; path = XYCalendarUITests.m; sourceTree = "<group>"; };
		18654CD81CC6341D0094519D /* Info.plist */ = {isa = PBXFileReference; lastKnownFileType = text.plist.xml; path = Info.plist; sourceTree = "<group>"; };
		18654CE51CC634700094519D /* NSDate+XYCalendarLogic.h */ = {isa = PBXFileReference; fileEncoding = 4; lastKnownFileType = sourcecode.c.h; path = "NSDate+XYCalendarLogic.h"; sourceTree = "<group>"; };
		18654CE61CC634700094519D /* NSDate+XYCalendarLogic.m */ = {isa = PBXFileReference; fileEncoding = 4; lastKnownFileType = sourcecode.c.objc; path = "NSDate+XYCalendarLogic.m"; sourceTree = "<group>"; };
		18654CE81CC634700094519D /* AppDelegate.h */ = {isa = PBXFileReference; fileEncoding = 4; lastKnownFileType = sourcecode.c.h; path = AppDelegate.h; sourceTree = "<group>"; };
		18654CE91CC634700094519D /* AppDelegate.m */ = {isa = PBXFileReference; fileEncoding = 4; lastKnownFileType = sourcecode.c.objc; path = AppDelegate.m; sourceTree = "<group>"; };
		18654CEA1CC634700094519D /* Images.xcassets */ = {isa = PBXFileReference; lastKnownFileType = folder.assetcatalog; path = Images.xcassets; sourceTree = "<group>"; };
		18654CEB1CC634700094519D /* Info.plist */ = {isa = PBXFileReference; fileEncoding = 4; lastKnownFileType = text.plist.xml; path = Info.plist; sourceTree = "<group>"; };
		18654CEC1CC634700094519D /* main.m */ = {isa = PBXFileReference; fileEncoding = 4; lastKnownFileType = sourcecode.c.objc; path = main.m; sourceTree = "<group>"; };
		18654CED1CC634700094519D /* PrefixHeader.pch */ = {isa = PBXFileReference; fileEncoding = 4; lastKnownFileType = sourcecode.c.h; path = PrefixHeader.pch; sourceTree = "<group>"; };
		18654CEE1CC634700094519D /* XYCalendarCollectionReusableView.h */ = {isa = PBXFileReference; fileEncoding = 4; lastKnownFileType = sourcecode.c.h; path = XYCalendarCollectionReusableView.h; sourceTree = "<group>"; };
		18654CEF1CC634700094519D /* XYCalendarCollectionReusableView.m */ = {isa = PBXFileReference; fileEncoding = 4; lastKnownFileType = sourcecode.c.objc; path = XYCalendarCollectionReusableView.m; sourceTree = "<group>"; };
		18654CF01CC634700094519D /* XYCalendarCollectionReusableView.xib */ = {isa = PBXFileReference; fileEncoding = 4; lastKnownFileType = file.xib; path = XYCalendarCollectionReusableView.xib; sourceTree = "<group>"; };
		18654CF11CC634700094519D /* XYCalendarCollectionViewCell.h */ = {isa = PBXFileReference; fileEncoding = 4; lastKnownFileType = sourcecode.c.h; path = XYCalendarCollectionViewCell.h; sourceTree = "<group>"; };
		18654CF21CC634700094519D /* XYCalendarCollectionViewCell.m */ = {isa = PBXFileReference; fileEncoding = 4; lastKnownFileType = sourcecode.c.objc; path = XYCalendarCollectionViewCell.m; sourceTree = "<group>"; };
		18654CF31CC634700094519D /* XYCalendarViewController.h */ = {isa = PBXFileReference; fileEncoding = 4; lastKnownFileType = sourcecode.c.h; path = XYCalendarViewController.h; sourceTree = "<group>"; };
		18654CF41CC634700094519D /* XYCalendarViewController.m */ = {isa = PBXFileReference; fileEncoding = 4; lastKnownFileType = sourcecode.c.objc; path = XYCalendarViewController.m; sourceTree = "<group>"; };
/* End PBXFileReference section */

/* Begin PBXFrameworksBuildPhase section */
		18654CAB1CC6341C0094519D /* Frameworks */ = {
			isa = PBXFrameworksBuildPhase;
			buildActionMask = 2147483647;
			files = (
			);
			runOnlyForDeploymentPostprocessing = 0;
		};
		18654CC41CC6341D0094519D /* Frameworks */ = {
			isa = PBXFrameworksBuildPhase;
			buildActionMask = 2147483647;
			files = (
			);
			runOnlyForDeploymentPostprocessing = 0;
		};
		18654CCF1CC6341D0094519D /* Frameworks */ = {
			isa = PBXFrameworksBuildPhase;
			buildActionMask = 2147483647;
			files = (
			);
			runOnlyForDeploymentPostprocessing = 0;
		};
/* End PBXFrameworksBuildPhase section */

/* Begin PBXGroup section */
		18654CA51CC6341C0094519D = {
			isa = PBXGroup;
			children = (
				18654CE41CC634700094519D /* Calendar */,
				18654CE71CC634700094519D /* XYCalendar */,
				18654CCA1CC6341D0094519D /* XYCalendarTests */,
				18654CD51CC6341D0094519D /* XYCalendarUITests */,
				18654CAF1CC6341C0094519D /* Products */,
			);
			sourceTree = "<group>";
		};
		18654CAF1CC6341C0094519D /* Products */ = {
			isa = PBXGroup;
			children = (
				18654CAE1CC6341C0094519D /* XYCalendar.app */,
				18654CC71CC6341D0094519D /* XYCalendarTests.xctest */,
				18654CD21CC6341D0094519D /* XYCalendarUITests.xctest */,
			);
			name = Products;
			sourceTree = "<group>";
		};
		18654CCA1CC6341D0094519D /* XYCalendarTests */ = {
			isa = PBXGroup;
			children = (
				18654CCB1CC6341D0094519D /* XYCalendarTests.m */,
				18654CCD1CC6341D0094519D /* Info.plist */,
			);
			path = XYCalendarTests;
			sourceTree = "<group>";
		};
		18654CD51CC6341D0094519D /* XYCalendarUITests */ = {
			isa = PBXGroup;
			children = (
				18654CD61CC6341D0094519D /* XYCalendarUITests.m */,
				18654CD81CC6341D0094519D /* Info.plist */,
			);
			path = XYCalendarUITests;
			sourceTree = "<group>";
		};
		18654CE41CC634700094519D /* Calendar */ = {
			isa = PBXGroup;
			children = (
				18654CE51CC634700094519D /* NSDate+XYCalendarLogic.h */,
				18654CE61CC634700094519D /* NSDate+XYCalendarLogic.m */,
			);
			path = Calendar;
			sourceTree = "<group>";
		};
		18654CE71CC634700094519D /* XYCalendar */ = {
			isa = PBXGroup;
			children = (
				18654CE81CC634700094519D /* AppDelegate.h */,
				18654CE91CC634700094519D /* AppDelegate.m */,
				18654CEA1CC634700094519D /* Images.xcassets */,
				18654CEB1CC634700094519D /* Info.plist */,
				18654CEC1CC634700094519D /* main.m */,
				18654CED1CC634700094519D /* PrefixHeader.pch */,
				18654CEE1CC634700094519D /* XYCalendarCollectionReusableView.h */,
				18654CEF1CC634700094519D /* XYCalendarCollectionReusableView.m */,
				18654CF01CC634700094519D /* XYCalendarCollectionReusableView.xib */,
				18654CF11CC634700094519D /* XYCalendarCollectionViewCell.h */,
				18654CF21CC634700094519D /* XYCalendarCollectionViewCell.m */,
				18654CF31CC634700094519D /* XYCalendarViewController.h */,
				18654CF41CC634700094519D /* XYCalendarViewController.m */,
			);
			path = XYCalendar;
			sourceTree = "<group>";
		};
/* End PBXGroup section */

/* Begin PBXNativeTarget section */
		18654CAD1CC6341C0094519D /* XYCalendar */ = {
			isa = PBXNativeTarget;
			buildConfigurationList = 18654CDB1CC6341D0094519D /* Build configuration list for PBXNativeTarget "XYCalendar" */;
			buildPhases = (
				18654CAA1CC6341C0094519D /* Sources */,
				18654CAB1CC6341C0094519D /* Frameworks */,
				18654CAC1CC6341C0094519D /* Resources */,
			);
			buildRules = (
			);
			dependencies = (
			);
			name = XYCalendar;
			productName = XYCalendar;
			productReference = 18654CAE1CC6341C0094519D /* XYCalendar.app */;
			productType = "com.apple.product-type.application";
		};
		18654CC61CC6341D0094519D /* XYCalendarTests */ = {
			isa = PBXNativeTarget;
			buildConfigurationList = 18654CDE1CC6341D0094519D /* Build configuration list for PBXNativeTarget "XYCalendarTests" */;
			buildPhases = (
				18654CC31CC6341D0094519D /* Sources */,
				18654CC41CC6341D0094519D /* Frameworks */,
				18654CC51CC6341D0094519D /* Resources */,
			);
			buildRules = (
			);
			dependencies = (
				18654CC91CC6341D0094519D /* PBXTargetDependency */,
			);
			name = XYCalendarTests;
			productName = XYCalendarTests;
			productReference = 18654CC71CC6341D0094519D /* XYCalendarTests.xctest */;
			productType = "com.apple.product-type.bundle.unit-test";
		};
		18654CD11CC6341D0094519D /* XYCalendarUITests */ = {
			isa = PBXNativeTarget;
			buildConfigurationList = 18654CE11CC6341D0094519D /* Build configuration list for PBXNativeTarget "XYCalendarUITests" */;
			buildPhases = (
				18654CCE1CC6341D0094519D /* Sources */,
				18654CCF1CC6341D0094519D /* Frameworks */,
				18654CD01CC6341D0094519D /* Resources */,
			);
			buildRules = (
			);
			dependencies = (
				18654CD41CC6341D0094519D /* PBXTargetDependency */,
			);
			name = XYCalendarUITests;
			productName = XYCalendarUITests;
			productReference = 18654CD21CC6341D0094519D /* XYCalendarUITests.xctest */;
			productType = "com.apple.product-type.bundle.ui-testing";
		};
/* End PBXNativeTarget section */

/* Begin PBXProject section */
		18654CA61CC6341C0094519D /* Project object */ = {
			isa = PBXProject;
			attributes = {
				LastUpgradeCheck = 0730;
				ORGANIZATIONNAME = apple;
				TargetAttributes = {
					18654CAD1CC6341C0094519D = {
						CreatedOnToolsVersion = 7.3;
					};
					18654CC61CC6341D0094519D = {
						CreatedOnToolsVersion = 7.3;
						TestTargetID = 18654CAD1CC6341C0094519D;
					};
					18654CD11CC6341D0094519D = {
						CreatedOnToolsVersion = 7.3;
						TestTargetID = 18654CAD1CC6341C0094519D;
					};
				};
			};
			buildConfigurationList = 18654CA91CC6341C0094519D /* Build configuration list for PBXProject "XYCalendar" */;
			compatibilityVersion = "Xcode 3.2";
			developmentRegion = English;
			hasScannedForEncodings = 0;
			knownRegions = (
				en,
				Base,
			);
			mainGroup = 18654CA51CC6341C0094519D;
			productRefGroup = 18654CAF1CC6341C0094519D /* Products */;
			projectDirPath = "";
			projectRoot = "";
			targets = (
				18654CAD1CC6341C0094519D /* XYCalendar */,
				18654CC61CC6341D0094519D /* XYCalendarTests */,
				18654CD11CC6341D0094519D /* XYCalendarUITests */,
			);
		};
/* End PBXProject section */

/* Begin PBXResourcesBuildPhase section */
		18654CAC1CC6341C0094519D /* Resources */ = {
			isa = PBXResourcesBuildPhase;
			buildActionMask = 2147483647;
			files = (
				18654CF81CC634700094519D /* Info.plist in Resources */,
				18654CF71CC634700094519D /* Images.xcassets in Resources */,
				18654CFB1CC634700094519D /* XYCalendarCollectionReusableView.xib in Resources */,
			);
			runOnlyForDeploymentPostprocessing = 0;
		};
		18654CC51CC6341D0094519D /* Resources */ = {
			isa = PBXResourcesBuildPhase;
			buildActionMask = 2147483647;
			files = (
			);
			runOnlyForDeploymentPostprocessing = 0;
		};
		18654CD01CC6341D0094519D /* Resources */ = {
			isa = PBXResourcesBuildPhase;
			buildActionMask = 2147483647;
			files = (
			);
			runOnlyForDeploymentPostprocessing = 0;
		};
/* End PBXResourcesBuildPhase section */

/* Begin PBXSourcesBuildPhase section */
		18654CAA1CC6341C0094519D /* Sources */ = {
			isa = PBXSourcesBuildPhase;
			buildActionMask = 2147483647;
			files = (
				18654CF61CC634700094519D /* AppDelegate.m in Sources */,
				18654CF91CC634700094519D /* main.m in Sources */,
				18654CFA1CC634700094519D /* XYCalendarCollectionReusableView.m in Sources */,
				18654CF51CC634700094519D /* NSDate+XYCalendarLogic.m in Sources */,
				18654CFC1CC634700094519D /* XYCalendarCollectionViewCell.m in Sources */,
				18654CFD1CC634700094519D /* XYCalendarViewController.m in Sources */,
			);
			runOnlyForDeploymentPostprocessing = 0;
		};
		18654CC31CC6341D0094519D /* Sources */ = {
			isa = PBXSourcesBuildPhase;
			buildActionMask = 2147483647;
			files = (
				18654CCC1CC6341D0094519D /* XYCalendarTests.m in Sources */,
			);
			runOnlyForDeploymentPostprocessing = 0;
		};
		18654CCE1CC6341D0094519D /* Sources */ = {
			isa = PBXSourcesBuildPhase;
			buildActionMask = 2147483647;
			files = (
				18654CD71CC6341D0094519D /* XYCalendarUITests.m in Sources */,
			);
			runOnlyForDeploymentPostprocessing = 0;
		};
/* End PBXSourcesBuildPhase section */

/* Begin PBXTargetDependency section */
		18654CC91CC6341D0094519D /* PBXTargetDependency */ = {
			isa = PBXTargetDependency;
			target = 18654CAD1CC6341C0094519D /* XYCalendar */;
			targetProxy = 18654CC81CC6341D0094519D /* PBXContainerItemProxy */;
		};
		18654CD41CC6341D0094519D /* PBXTargetDependency */ = {
			isa = PBXTargetDependency;
			target = 18654CAD1CC6341C0094519D /* XYCalendar */;
			targetProxy = 18654CD31CC6341D0094519D /* PBXContainerItemProxy */;
		};
/* End PBXTargetDependency section */

/* Begin XCBuildConfiguration section */
		18654CD91CC6341D0094519D /* Debug */ = {
			isa = XCBuildConfiguration;
			buildSettings = {
				ALWAYS_SEARCH_USER_PATHS = NO;
				CLANG_ANALYZER_NONNULL = YES;
				CLANG_CXX_LANGUAGE_STANDARD = "gnu++0x";
				CLANG_CXX_LIBRARY = "libc++";
				CLANG_ENABLE_MODULES = YES;
				CLANG_ENABLE_OBJC_ARC = YES;
				CLANG_WARN_BOOL_CONVERSION = YES;
				CLANG_WARN_CONSTANT_CONVERSION = YES;
				CLANG_WARN_DIRECT_OBJC_ISA_USAGE = YES_ERROR;
				CLANG_WARN_EMPTY_BODY = YES;
				CLANG_WARN_ENUM_CONVERSION = YES;
				CLANG_WARN_INT_CONVERSION = YES;
				CLANG_WARN_OBJC_ROOT_CLASS = YES_ERROR;
				CLANG_WARN_UNREACHABLE_CODE = YES;
				CLANG_WARN__DUPLICATE_METHOD_MATCH = YES;
				"CODE_SIGN_IDENTITY[sdk=iphoneos*]" = "iPhone Developer";
				COPY_PHASE_STRIP = NO;
				DEBUG_INFORMATION_FORMAT = dwarf;
				ENABLE_STRICT_OBJC_MSGSEND = YES;
				ENABLE_TESTABILITY = YES;
				GCC_C_LANGUAGE_STANDARD = gnu99;
				GCC_DYNAMIC_NO_PIC = NO;
				GCC_NO_COMMON_BLOCKS = YES;
				GCC_OPTIMIZATION_LEVEL = 0;
				GCC_PREPROCESSOR_DEFINITIONS = (
					"DEBUG=1",
					"$(inherited)",
				);
				GCC_WARN_64_TO_32_BIT_CONVERSION = YES;
				GCC_WARN_ABOUT_RETURN_TYPE = YES_ERROR;
				GCC_WARN_UNDECLARED_SELECTOR = YES;
				GCC_WARN_UNINITIALIZED_AUTOS = YES_AGGRESSIVE;
				GCC_WARN_UNUSED_FUNCTION = YES;
				GCC_WARN_UNUSED_VARIABLE = YES;
				IPHONEOS_DEPLOYMENT_TARGET = 9.3;
				MTL_ENABLE_DEBUG_INFO = YES;
				ONLY_ACTIVE_ARCH = YES;
				SDKROOT = iphoneos;
			};
			name = Debug;
		};
		18654CDA1CC6341D0094519D /* Release */ = {
			isa = XCBuildConfiguration;
			buildSettings = {
				ALWAYS_SEARCH_USER_PATHS = NO;
				CLANG_ANALYZER_NONNULL = YES;
				CLANG_CXX_LANGUAGE_STANDARD = "gnu++0x";
				CLANG_CXX_LIBRARY = "libc++";
				CLANG_ENABLE_MODULES = YES;
				CLANG_ENABLE_OBJC_ARC = YES;
				CLANG_WARN_BOOL_CONVERSION = YES;
				CLANG_WARN_CONSTANT_CONVERSION = YES;
				CLANG_WARN_DIRECT_OBJC_ISA_USAGE = YES_ERROR;
				CLANG_WARN_EMPTY_BODY = YES;
				CLANG_WARN_ENUM_CONVERSION = YES;
				CLANG_WARN_INT_CONVERSION = YES;
				CLANG_WARN_OBJC_ROOT_CLASS = YES_ERROR;
				CLANG_WARN_UNREACHABLE_CODE = YES;
				CLANG_WARN__DUPLICATE_METHOD_MATCH = YES;
				"CODE_SIGN_IDENTITY[sdk=iphoneos*]" = "iPhone Developer";
				COPY_PHASE_STRIP = NO;
				DEBUG_INFORMATION_FORMAT = "dwarf-with-dsym";
				ENABLE_NS_ASSERTIONS = NO;
				ENABLE_STRICT_OBJC_MSGSEND = YES;
				GCC_C_LANGUAGE_STANDARD = gnu99;
				GCC_NO_COMMON_BLOCKS = YES;
				GCC_WARN_64_TO_32_BIT_CONVERSION = YES;
				GCC_WARN_ABOUT_RETURN_TYPE = YES_ERROR;
				GCC_WARN_UNDECLARED_SELECTOR = YES;
				GCC_WARN_UNINITIALIZED_AUTOS = YES_AGGRESSIVE;
				GCC_WARN_UNUSED_FUNCTION = YES;
				GCC_WARN_UNUSED_VARIABLE = YES;
				IPHONEOS_DEPLOYMENT_TARGET = 9.3;
				MTL_ENABLE_DEBUG_INFO = NO;
				SDKROOT = iphoneos;
				VALIDATE_PRODUCT = YES;
			};
			name = Release;
		};
		18654CDC1CC6341D0094519D /* Debug */ = {
			isa = XCBuildConfiguration;
			buildSettings = {
				ASSETCATALOG_COMPILER_APPICON_NAME = AppIcon;
				GCC_PREFIX_HEADER = "$(SRCROOT)/XYCalendar/PrefixHeader.pch";
				INFOPLIST_FILE = XYCalendar/Info.plist;
				IPHONEOS_DEPLOYMENT_TARGET = 8.0;
				LD_RUNPATH_SEARCH_PATHS = "$(inherited) @executable_path/Frameworks";
				PRODUCT_BUNDLE_IDENTIFIER = com.zhongke.zom.XYCalendar;
				PRODUCT_NAME = "$(TARGET_NAME)";
			};
			name = Debug;
		};
		18654CDD1CC6341D0094519D /* Release */ = {
			isa = XCBuildConfiguration;
			buildSettings = {
				ASSETCATALOG_COMPILER_APPICON_NAME = AppIcon;
				GCC_PREFIX_HEADER = "$(SRCROOT)/XYCalendar/PrefixHeader.pch";
				INFOPLIST_FILE = XYCalendar/Info.plist;
				IPHONEOS_DEPLOYMENT_TARGET = 8.0;
				LD_RUNPATH_SEARCH_PATHS = "$(inherited) @executable_path/Frameworks";
				PRODUCT_BUNDLE_IDENTIFIER = com.zhongke.zom.XYCalendar;
				PRODUCT_NAME = "$(TARGET_NAME)";
			};
			name = Release;
		};
		18654CDF1CC6341D0094519D /* Debug */ = {
			isa = XCBuildConfiguration;
			buildSettings = {
				BUNDLE_LOADER = "$(TEST_HOST)";
				INFOPLIST_FILE = XYCalendarTests/Info.plist;
				LD_RUNPATH_SEARCH_PATHS = "$(inherited) @executable_path/Frameworks @loader_path/Frameworks";
				PRODUCT_BUNDLE_IDENTIFIER = com.zhongke.zom.XYCalendarTests;
				PRODUCT_NAME = "$(TARGET_NAME)";
				TEST_HOST = "$(BUILT_PRODUCTS_DIR)/XYCalendar.app/XYCalendar";
			};
			name = Debug;
		};
		18654CE01CC6341D0094519D /* Release */ = {
			isa = XCBuildConfiguration;
			buildSettings = {
				BUNDLE_LOADER = "$(TEST_HOST)";
				INFOPLIST_FILE = XYCalendarTests/Info.plist;
				LD_RUNPATH_SEARCH_PATHS = "$(inherited) @executable_path/Frameworks @loader_path/Frameworks";
				PRODUCT_BUNDLE_IDENTIFIER = com.zhongke.zom.XYCalendarTests;
				PRODUCT_NAME = "$(TARGET_NAME)";
				TEST_HOST = "$(BUILT_PRODUCTS_DIR)/XYCalendar.app/XYCalendar";
			};
			name = Release;
		};
		18654CE21CC6341D0094519D /* Debug */ = {
			isa = XCBuildConfiguration;
			buildSettings = {
				INFOPLIST_FILE = XYCalendarUITests/Info.plist;
				LD_RUNPATH_SEARCH_PATHS = "$(inherited) @executable_path/Frameworks @loader_path/Frameworks";
				PRODUCT_BUNDLE_IDENTIFIER = com.zhongke.zom.XYCalendarUITests;
				PRODUCT_NAME = "$(TARGET_NAME)";
				TEST_TARGET_NAME = XYCalendar;
			};
			name = Debug;
		};
		18654CE31CC6341D0094519D /* Release */ = {
			isa = XCBuildConfiguration;
			buildSettings = {
				INFOPLIST_FILE = XYCalendarUITests/Info.plist;
				LD_RUNPATH_SEARCH_PATHS = "$(inherited) @executable_path/Frameworks @loader_path/Frameworks";
				PRODUCT_BUNDLE_IDENTIFIER = com.zhongke.zom.XYCalendarUITests;
				PRODUCT_NAME = "$(TARGET_NAME)";
				TEST_TARGET_NAME = XYCalendar;
			};
			name = Release;
		};
/* End XCBuildConfiguration section */

/* Begin XCConfigurationList section */
		18654CA91CC6341C0094519D /* Build configuration list for PBXProject "XYCalendar" */ = {
			isa = XCConfigurationList;
			buildConfigurations = (
				18654CD91CC6341D0094519D /* Debug */,
				18654CDA1CC6341D0094519D /* Release */,
			);
			defaultConfigurationIsVisible = 0;
			defaultConfigurationName = Release;
		};
		18654CDB1CC6341D0094519D /* Build configuration list for PBXNativeTarget "XYCalendar" */ = {
			isa = XCConfigurationList;
			buildConfigurations = (
				18654CDC1CC6341D0094519D /* Debug */,
				18654CDD1CC6341D0094519D /* Release */,
			);
			defaultConfigurationIsVisible = 0;
			defaultConfigurationName = Release;
		};
		18654CDE1CC6341D0094519D /* Build configuration list for PBXNativeTarget "XYCalendarTests" */ = {
			isa = XCConfigurationList;
			buildConfigurations = (
				18654CDF1CC6341D0094519D /* Debug */,
				18654CE01CC6341D0094519D /* Release */,
			);
			defaultConfigurationIsVisible = 0;
			defaultConfigurationName = Release;
		};
		18654CE11CC6341D0094519D /* Build configuration list for PBXNativeTarget "XYCalendarUITests" */ = {
			isa = XCConfigurationList;
			buildConfigurations = (
				18654CE21CC6341D0094519D /* Debug */,
				18654CE31CC6341D0094519D /* Release */,
			);
			defaultConfigurationIsVisible = 0;
			defaultConfigurationName = Release;
		};
/* End XCConfigurationList section */
	};
	rootObject = 18654CA61CC6341C0094519D /* Project object */;
}
